<?xml version="1.0" encoding="utf-8"?>
<Project ToolsVersion="4.0" xmlns="http://schemas.microsoft.com/developer/msbuild/2003">
  <ItemGroup>
    <Filter Include="源文件">
      <UniqueIdentifier>{4FC737F1-C7A5-4376-A066-2A32D752A2FF}</UniqueIdentifier>
      <Extensions>cpp;c;cc;cxx;def;odl;idl;hpj;bat;asm;asmx</Extensions>
    </Filter>
    <Filter Include="头文件">
      <UniqueIdentifier>{93995380-89BD-4b04-88EB-625FBE52EBFB}</UniqueIdentifier>
      <Extensions>h;hh;hpp;hxx;hm;inl;inc;xsd</Extensions>
    </Filter>
    <Filter Include="资源文件">
      <UniqueIdentifier>{67DA6AB6-F800-4c08-8B7A-83BB121AAD01}</UniqueIdentifier>
      <Extensions>rc;ico;cur;bmp;dlg;rc2;rct;bin;rgs;gif;jpg;jpeg;jpe;resx;tiff;tif;png;wav;mfcribbon-ms</Extensions>
    </Filter>
    <Filter Include="头文件\platform">
      <UniqueIdentifier>{a8366d43-414c-40cc-822f-3dcd1cc1ecf1}</UniqueIdentifier>
    </Filter>
    <Filter Include="头文件\platform\glad">
      <UniqueIdentifier>{c6e12568-1633-4315-a5f5-29c5628c964e}</UniqueIdentifier>
    </Filter>
    <Filter Include="源文件\platform">
      <UniqueIdentifier>{ded2c5a5-2942-4d1f-9a69-5a0b0108e514}</UniqueIdentifier>
    </Filter>
    <Filter Include="源文件\platform\glad">
      <UniqueIdentifier>{f99a97db-f198-4dec-96de-b28772879e3f}</UniqueIdentifier>
    </Filter>
    <Filter Include="头文件\Commond">
      <UniqueIdentifier>{f4d8add8-0877-4354-9c89-d31c27001717}</UniqueIdentifier>
    </Filter>
    <Filter Include="源文件\Commond">
      <UniqueIdentifier>{a39b77c9-309d-4520-bab1-df56098fdf1e}</UniqueIdentifier>
    </Filter>
  </ItemGroup>
  <ItemGroup>
    <ClCompile Include="main.cpp">
      <Filter>源文件</Filter>
    </ClCompile>
    <ClCompile Include="..\..\..\Class\platform\desktop\glad\src\glad.c">
      <Filter>源文件\platform\glad</Filter>
    </ClCompile>
    <ClCompile Include="..\..\..\Class\GameApp.cpp">
      <Filter>源文件</Filter>
    </ClCompile>
    <ClCompile Include="..\..\..\Class\commond\Shader.cpp">
      <Filter>源文件\Commond</Filter>
    </ClCompile>
    <ClCompile Include="..\..\..\Class\commond\Mesh.cpp">
      <Filter>源文件\Commond</Filter>
    </ClCompile>
  </ItemGroup>
  <ItemGroup>
    <ClInclude Include="..\..\..\Class\platform\desktop\glad\include\glad\glad.h">
      <Filter>头文件\platform\glad</Filter>
    </ClInclude>
    <ClInclude Include="..\..\..\Class\platform\desktop\glad\include\KHR\khrplatform.h">
      <Filter>头文件\platform\glad</Filter>
    </ClInclude>
    <ClInclude Include="..\..\..\Class\GameApp.h">
      <Filter>头文件</Filter>
    </ClInclude>
    <ClInclude Include="..\..\..\Class\commond\Shader.h">
      <Filter>头文件\Commond</Filter>
    </ClInclude>
    <ClInclude Include="..\..\..\Class\GLDefinds.h">
      <Filter>头文件</Filter>
    </ClInclude>
    <ClInclude Include="..\..\..\Class\commond\Mesh.h">
      <Filter>头文件\Commond</Filter>
    </ClInclude>
  </ItemGroup>
</Project>